
Microsoft Visual Studio Solution File, Format Version 12.00
# Visual Studio Version 17
VisualStudioVersion = 17.10.34928.147
MinimumVisualStudioVersion = 10.0.40219.1
Project("{FAE04EC0-301F-11D3-BF4B-00C04F79EFBC}") = "jPillajoExamen", "jPillajoExamen.csproj", "{0DAC26F9-3595-457E-8B04-79AA81AB7577}"
EndProject
Global
	GlobalSection(SolutionConfigurationPlatforms) = preSolution
		Debug|Any CPU = Debug|Any CPU
		Release|Any CPU = Release|Any CPU
	EndGlobalSection
	GlobalSection(ProjectConfigurationPlatforms) = postSolution
		{0DAC26F9-3595-457E-8B04-79AA81AB7577}.Debug|Any CPU.ActiveCfg = Debug|Any CPU
		{0DAC26F9-3595-457E-8B04-79AA81AB7577}.Debug|Any CPU.Build.0 = Debug|Any CPU
		{0DAC26F9-3595-457E-8B04-79AA81AB7577}.Debug|Any CPU.Deploy.0 = Debug|Any CPU
		{0DAC26F9-3595-457E-8B04-79AA81AB7577}.Release|Any CPU.ActiveCfg = Release|Any CPU
		{0DAC26F9-3595-457E-8B04-79AA81AB7577}.Release|Any CPU.Build.0 = Release|Any CPU
		{0DAC26F9-3595-457E-8B04-79AA81AB7577}.Release|Any CPU.Deploy.0 = Release|Any CPU
	EndGlobalSection
	GlobalSection(SolutionProperties) = preSolution
		HideSolutionNode = FALSE
	EndGlobalSection
	GlobalSection(ExtensibilityGlobals) = postSolution
		SolutionGuid = {E359FD17-48DE-467C-AB28-4716EF7C9BBD}
	EndGlobalSection
EndGlobal
